
Microsoft Visual Studio Solution File, Format Version 12.00
# Visual Studio Version 16
VisualStudioVersion = 16.0.32106.194
MinimumVisualStudioVersion = 10.0.40219.1
Project("{9A19103F-16F7-4668-BE54-9A1E7A4F7556}") = "SalesRepDAL", "SalesRepDAL\SalesRepDAL.csproj", "{518B992D-1EC4-4755-A91A-0F088E69992D}"
EndProject
Project("{9A19103F-16F7-4668-BE54-9A1E7A4F7556}") = "SalesRepServices", "SalesRepServices\SalesRepServices.csproj", "{44CC0347-F939-4FEC-8E03-C164A50CFBBC}"
EndProject
Project("{9A19103F-16F7-4668-BE54-9A1E7A4F7556}") = "SalesRepWebApi", "SalesRepWebApi\SalesRepWebApi.csproj", "{EB037FBF-78F9-4FB2-A025-C80ED00429DF}"
EndProject
Project("{2150E333-8FDC-42A3-9474-1A3956D46DE8}") = "Tests", "Tests", "{61D2AF06-BDDA-4C89-B2A1-CF98E3C21E47}"
EndProject
Project("{FAE04EC0-301F-11D3-BF4B-00C04F79EFBC}") = "SalesRepUnitTests", "SalesRepUnitTests\SalesRepUnitTests.csproj", "{BD50CE6E-0D78-4A9C-8063-F108A528D433}"
EndProject
Project("{FAE04EC0-301F-11D3-BF4B-00C04F79EFBC}") = "SalesRep_IntegrationTests", "SalesRep_IntegrationTests\SalesRep_IntegrationTests.csproj", "{2AF9E5A8-D442-48B3-837A-29302CD5B315}"
EndProject
Global
	GlobalSection(SolutionConfigurationPlatforms) = preSolution
		Debug|Any CPU = Debug|Any CPU
		Release|Any CPU = Release|Any CPU
	EndGlobalSection
	GlobalSection(ProjectConfigurationPlatforms) = postSolution
		{518B992D-1EC4-4755-A91A-0F088E69992D}.Debug|Any CPU.ActiveCfg = Debug|Any CPU
		{518B992D-1EC4-4755-A91A-0F088E69992D}.Debug|Any CPU.Build.0 = Debug|Any CPU
		{518B992D-1EC4-4755-A91A-0F088E69992D}.Release|Any CPU.ActiveCfg = Release|Any CPU
		{518B992D-1EC4-4755-A91A-0F088E69992D}.Release|Any CPU.Build.0 = Release|Any CPU
		{44CC0347-F939-4FEC-8E03-C164A50CFBBC}.Debug|Any CPU.ActiveCfg = Debug|Any CPU
		{44CC0347-F939-4FEC-8E03-C164A50CFBBC}.Debug|Any CPU.Build.0 = Debug|Any CPU
		{44CC0347-F939-4FEC-8E03-C164A50CFBBC}.Release|Any CPU.ActiveCfg = Release|Any CPU
		{44CC0347-F939-4FEC-8E03-C164A50CFBBC}.Release|Any CPU.Build.0 = Release|Any CPU
		{EB037FBF-78F9-4FB2-A025-C80ED00429DF}.Debug|Any CPU.ActiveCfg = Debug|Any CPU
		{EB037FBF-78F9-4FB2-A025-C80ED00429DF}.Debug|Any CPU.Build.0 = Debug|Any CPU
		{EB037FBF-78F9-4FB2-A025-C80ED00429DF}.Release|Any CPU.ActiveCfg = Release|Any CPU
		{EB037FBF-78F9-4FB2-A025-C80ED00429DF}.Release|Any CPU.Build.0 = Release|Any CPU
		{BD50CE6E-0D78-4A9C-8063-F108A528D433}.Debug|Any CPU.ActiveCfg = Debug|Any CPU
		{BD50CE6E-0D78-4A9C-8063-F108A528D433}.Debug|Any CPU.Build.0 = Debug|Any CPU
		{BD50CE6E-0D78-4A9C-8063-F108A528D433}.Release|Any CPU.ActiveCfg = Release|Any CPU
		{BD50CE6E-0D78-4A9C-8063-F108A528D433}.Release|Any CPU.Build.0 = Release|Any CPU
		{2AF9E5A8-D442-48B3-837A-29302CD5B315}.Debug|Any CPU.ActiveCfg = Debug|Any CPU
		{2AF9E5A8-D442-48B3-837A-29302CD5B315}.Debug|Any CPU.Build.0 = Debug|Any CPU
		{2AF9E5A8-D442-48B3-837A-29302CD5B315}.Release|Any CPU.ActiveCfg = Release|Any CPU
		{2AF9E5A8-D442-48B3-837A-29302CD5B315}.Release|Any CPU.Build.0 = Release|Any CPU
	EndGlobalSection
	GlobalSection(SolutionProperties) = preSolution
		HideSolutionNode = FALSE
	EndGlobalSection
	GlobalSection(NestedProjects) = preSolution
		{BD50CE6E-0D78-4A9C-8063-F108A528D433} = {61D2AF06-BDDA-4C89-B2A1-CF98E3C21E47}
		{2AF9E5A8-D442-48B3-837A-29302CD5B315} = {61D2AF06-BDDA-4C89-B2A1-CF98E3C21E47}
	EndGlobalSection
	GlobalSection(ExtensibilityGlobals) = postSolution
		SolutionGuid = {17F8C5B8-BB73-487F-9A82-23CBA231B92D}
	EndGlobalSection
EndGlobal
